
Microsoft Visual Studio Solution File, Format Version 12.00
# Visual Studio Version 17
VisualStudioVersion = 17.0.31903.59
MinimumVisualStudioVersion = 10.0.40219.1
Project("{2150E333-8FDC-42A3-9474-1A3956D46DE8}") = "src", "src", "{2EB7974C-9640-4AE5-AEB4-C225962995C6}"
EndProject
Project("{FAE04EC0-301F-11D3-BF4B-00C04F79EFBC}") = "LiveSplit.ScriptableAutoSplit", "src\LiveSplit.ScriptableAutoSplit\LiveSplit.ScriptableAutoSplit.csproj", "{833B746E-DAFC-4D53-BC53-BE3FDC0796ED}"
EndProject
Global
	GlobalSection(SolutionConfigurationPlatforms) = preSolution
		Debug|Any CPU = Debug|Any CPU
		Release|Any CPU = Release|Any CPU
	EndGlobalSection
	GlobalSection(SolutionProperties) = preSolution
		HideSolutionNode = FALSE
	EndGlobalSection
	GlobalSection(ProjectConfigurationPlatforms) = postSolution
		{833B746E-DAFC-4D53-BC53-BE3FDC0796ED}.Debug|Any CPU.ActiveCfg = Debug|Any CPU
		{833B746E-DAFC-4D53-BC53-BE3FDC0796ED}.Debug|Any CPU.Build.0 = Debug|Any CPU
		{833B746E-DAFC-4D53-BC53-BE3FDC0796ED}.Release|Any CPU.ActiveCfg = Release|Any CPU
		{833B746E-DAFC-4D53-BC53-BE3FDC0796ED}.Release|Any CPU.Build.0 = Release|Any CPU
	EndGlobalSection
	GlobalSection(NestedProjects) = preSolution
		{833B746E-DAFC-4D53-BC53-BE3FDC0796ED} = {2EB7974C-9640-4AE5-AEB4-C225962995C6}
	EndGlobalSection
EndGlobal
